
Microsoft Visual Studio Solution File, Format Version 12.00
# Visual Studio Version 17
VisualStudioVersion = 17.6.33829.357
MinimumVisualStudioVersion = 10.0.40219.1
Project("{FAE04EC0-301F-11D3-BF4B-00C04F79EFBC}") = "point-of-sale-EF", "point-of-sale-EF\point-of-sale-EF.csproj", "{D820A23A-F65C-4C2D-AF87-21AEFE32480C}"
EndProject
Global
	GlobalSection(SolutionConfigurationPlatforms) = preSolution
		Debug|Any CPU = Debug|Any CPU
		Release|Any CPU = Release|Any CPU
	EndGlobalSection
	GlobalSection(ProjectConfigurationPlatforms) = postSolution
		{D820A23A-F65C-4C2D-AF87-21AEFE32480C}.Debug|Any CPU.ActiveCfg = Debug|Any CPU
		{D820A23A-F65C-4C2D-AF87-21AEFE32480C}.Debug|Any CPU.Build.0 = Debug|Any CPU
		{D820A23A-F65C-4C2D-AF87-21AEFE32480C}.Release|Any CPU.ActiveCfg = Release|Any CPU
		{D820A23A-F65C-4C2D-AF87-21AEFE32480C}.Release|Any CPU.Build.0 = Release|Any CPU
	EndGlobalSection
	GlobalSection(SolutionProperties) = preSolution
		HideSolutionNode = FALSE
	EndGlobalSection
	GlobalSection(ExtensibilityGlobals) = postSolution
		SolutionGuid = {43B56CE7-A411-4F4E-8154-A61FC058D7E5}
	EndGlobalSection
EndGlobal
